
Microsoft Visual Studio Solution File, Format Version 12.00
# Visual Studio Version 17
VisualStudioVersion = 17.14.36908.2 d17.14
MinimumVisualStudioVersion = 10.0.40219.1
Project("{FAE04EC0-301F-11D3-BF4B-00C04F79EFBC}") = "S10273989D_PRG2Assignment", "S10273989D_PRG2Assignment\S10273989D_PRG2Assignment.csproj", "{EE710E4F-CF0F-4B90-B656-075BEF2AB419}"
EndProject
Global
	GlobalSection(SolutionConfigurationPlatforms) = preSolution
		Debug|Any CPU = Debug|Any CPU
		Release|Any CPU = Release|Any CPU
	EndGlobalSection
	GlobalSection(ProjectConfigurationPlatforms) = postSolution
		{EE710E4F-CF0F-4B90-B656-075BEF2AB419}.Debug|Any CPU.ActiveCfg = Debug|Any CPU
		{EE710E4F-CF0F-4B90-B656-075BEF2AB419}.Debug|Any CPU.Build.0 = Debug|Any CPU
		{EE710E4F-CF0F-4B90-B656-075BEF2AB419}.Release|Any CPU.ActiveCfg = Release|Any CPU
		{EE710E4F-CF0F-4B90-B656-075BEF2AB419}.Release|Any CPU.Build.0 = Release|Any CPU
	EndGlobalSection
	GlobalSection(SolutionProperties) = preSolution
		HideSolutionNode = FALSE
	EndGlobalSection
	GlobalSection(ExtensibilityGlobals) = postSolution
		SolutionGuid = {4002012D-638E-4AD2-9AA3-38EF96FC2B7A}
	EndGlobalSection
EndGlobal
